// !$*UTF8*$!
{
	archiveVersion = 1;
	classes = {
	};
	objectVersion = 51;
	objects = {

/* Begin PBXBuildFile section */
		283297282535053200F59EF0 /* StoriesViewController.swift in Sources */ = {isa = PBXBuildFile; fileRef = 283297272535053200F59EF0 /* StoriesViewController.swift */; };
		283297392535955300F59EF0 /* LoveChatViewController.swift in Sources */ = {isa = PBXBuildFile; fileRef = 283297382535955300F59EF0 /* LoveChatViewController.swift */; };
		28329751253598DF00F59EF0 /* ChatViewController.swift in Sources */ = {isa = PBXBuildFile; fileRef = 28329750253598DF00F59EF0 /* ChatViewController.swift */; };
		283297572535992B00F59EF0 /* MockMessage.swift in Sources */ = {isa = PBXBuildFile; fileRef = 283297542535992B00F59EF0 /* MockMessage.swift */; };
		283297582535992B00F59EF0 /* MockUser.swift in Sources */ = {isa = PBXBuildFile; fileRef = 283297552535992B00F59EF0 /* MockUser.swift */; };
		283297592535992B00F59EF0 /* MockSocket.swift in Sources */ = {isa = PBXBuildFile; fileRef = 283297562535992B00F59EF0 /* MockSocket.swift */; };
		2832975E253599E600F59EF0 /* Lorem.swift in Sources */ = {isa = PBXBuildFile; fileRef = 2832975C253599E600F59EF0 /* Lorem.swift */; };
		2832975F253599E600F59EF0 /* SampleData.swift in Sources */ = {isa = PBXBuildFile; fileRef = 2832975D253599E600F59EF0 /* SampleData.swift */; };
		2832976525366D4500F59EF0 /* StickerCollectionViewCell.swift in Sources */ = {isa = PBXBuildFile; fileRef = 2832976325366D4500F59EF0 /* StickerCollectionViewCell.swift */; };
		2832976625366D4500F59EF0 /* StickerCollectionViewCell.xib in Resources */ = {isa = PBXBuildFile; fileRef = 2832976425366D4500F59EF0 /* StickerCollectionViewCell.xib */; };
		2832976B2536F97E00F59EF0 /* SmallBubleTableViewCell.swift in Sources */ = {isa = PBXBuildFile; fileRef = 283297692536F97E00F59EF0 /* SmallBubleTableViewCell.swift */; };
		2832976C2536F97E00F59EF0 /* SmallBubleTableViewCell.xib in Resources */ = {isa = PBXBuildFile; fileRef = 2832976A2536F97E00F59EF0 /* SmallBubleTableViewCell.xib */; };
		2832979625370A2E00F59EF0 /* BigBubleTableViewCell.swift in Sources */ = {isa = PBXBuildFile; fileRef = 2832979425370A2E00F59EF0 /* BigBubleTableViewCell.swift */; };
		2832979725370A2E00F59EF0 /* BigBubleTableViewCell.xib in Resources */ = {isa = PBXBuildFile; fileRef = 2832979525370A2E00F59EF0 /* BigBubleTableViewCell.xib */; };
		2832979C2537111F00F59EF0 /* StickerTableViewCell.swift in Sources */ = {isa = PBXBuildFile; fileRef = 2832979A2537111F00F59EF0 /* StickerTableViewCell.swift */; };
		2832979D2537111F00F59EF0 /* StickerTableViewCell.xib in Resources */ = {isa = PBXBuildFile; fileRef = 2832979B2537111F00F59EF0 /* StickerTableViewCell.xib */; };
		283297A12537144500F59EF0 /* SelfSmallTableViewCell.swift in Sources */ = {isa = PBXBuildFile; fileRef = 2832979F2537144500F59EF0 /* SelfSmallTableViewCell.swift */; };
		283297A22537144500F59EF0 /* SelfSmallTableViewCell.xib in Resources */ = {isa = PBXBuildFile; fileRef = 283297A02537144500F59EF0 /* SelfSmallTableViewCell.xib */; };
		283297AD25371DCA00F59EF0 /* SelfStickerTableViewCell.swift in Sources */ = {isa = PBXBuildFile; fileRef = 283297AB25371DCA00F59EF0 /* SelfStickerTableViewCell.swift */; };
		283297AE25371DCA00F59EF0 /* SelfStickerTableViewCell.xib in Resources */ = {isa = PBXBuildFile; fileRef = 283297AC25371DCA00F59EF0 /* SelfStickerTableViewCell.xib */; };
		286AAC712548D2EC00E7FD21 /* LoveStorView.swift in Sources */ = {isa = PBXBuildFile; fileRef = 286AAC702548D2EC00E7FD21 /* LoveStorView.swift */; };
		28740B4A2530B4E40090DCC1 /* AppDelegate.swift in Sources */ = {isa = PBXBuildFile; fileRef = 28740B492530B4E40090DCC1 /* AppDelegate.swift */; };
		28740B4C2530B4E40090DCC1 /* SceneDelegate.swift in Sources */ = {isa = PBXBuildFile; fileRef = 28740B4B2530B4E40090DCC1 /* SceneDelegate.swift */; };
		28740B4E2530B4E40090DCC1 /* ViewController.swift in Sources */ = {isa = PBXBuildFile; fileRef = 28740B4D2530B4E40090DCC1 /* ViewController.swift */; };
		28740B512530B4E40090DCC1 /* Main.storyboard in Resources */ = {isa = PBXBuildFile; fileRef = 28740B4F2530B4E40090DCC1 /* Main.storyboard */; };
		28740B532530B4E90090DCC1 /* Assets.xcassets in Resources */ = {isa = PBXBuildFile; fileRef = 28740B522530B4E90090DCC1 /* Assets.xcassets */; };
		28740B562530B4E90090DCC1 /* LaunchScreen.storyboard in Resources */ = {isa = PBXBuildFile; fileRef = 28740B542530B4E90090DCC1 /* LaunchScreen.storyboard */; };
		28740B662530C26F0090DCC1 /* GradientView.swift in Sources */ = {isa = PBXBuildFile; fileRef = 28740B652530C26F0090DCC1 /* GradientView.swift */; };
		28740B692531222A0090DCC1 /* KolodaViewController.swift in Sources */ = {isa = PBXBuildFile; fileRef = 28740B682531222A0090DCC1 /* KolodaViewController.swift */; };
		28BC8FC0253DE41C0055E21D /* Messenger-Pigeons in Resources */ = {isa = PBXBuildFile; fileRef = 28BC8FBD253DDCB90055E21D /* Messenger-Pigeons */; };
		4304A8E0255DD8CE00B45A8B /* OfflinePopupViewController.swift in Sources */ = {isa = PBXBuildFile; fileRef = 4304A8DF255DD8CE00B45A8B /* OfflinePopupViewController.swift */; };
		4304A8E3255DDEE200B45A8B /* Geometria-Light.ttf in Resources */ = {isa = PBXBuildFile; fileRef = 4304A8E2255DDEE200B45A8B /* Geometria-Light.ttf */; };
		4320C7FE255C66B4004F6EE6 /* SFCompactText-Regular.ttf in Resources */ = {isa = PBXBuildFile; fileRef = 4320C7FD255C66B4004F6EE6 /* SFCompactText-Regular.ttf */; };
		4320C801255C699F004F6EE6 /* ReactionDelegate.swift in Sources */ = {isa = PBXBuildFile; fileRef = 4320C800255C699F004F6EE6 /* ReactionDelegate.swift */; };
		432B13FC25712D66004CF2BE /* ProfileViewController.swift in Sources */ = {isa = PBXBuildFile; fileRef = 432B13FB25712D66004CF2BE /* ProfileViewController.swift */; };
		432DB738255D37F200507126 /* PhotoTableViewCell.swift in Sources */ = {isa = PBXBuildFile; fileRef = 432DB736255D37F200507126 /* PhotoTableViewCell.swift */; };
		432DB739255D37F200507126 /* PhotoTableViewCell.xib in Resources */ = {isa = PBXBuildFile; fileRef = 432DB737255D37F200507126 /* PhotoTableViewCell.xib */; };
		4345743D25718CFC0000C714 /* ProfileIconCollectionViewCell.swift in Sources */ = {isa = PBXBuildFile; fileRef = 4345743B25718CFC0000C714 /* ProfileIconCollectionViewCell.swift */; };
		4345743E25718CFC0000C714 /* ProfileIconCollectionViewCell.xib in Resources */ = {isa = PBXBuildFile; fileRef = 4345743C25718CFC0000C714 /* ProfileIconCollectionViewCell.xib */; };
		43705AB6255C73E90025E3EA /* PhotoMessageViewController.swift in Sources */ = {isa = PBXBuildFile; fileRef = 43705AB5255C73E90025E3EA /* PhotoMessageViewController.swift */; };
		43749567255BCC6B00B267A6 /* SmallWithReactionCell.swift in Sources */ = {isa = PBXBuildFile; fileRef = 43749565255BCC6B00B267A6 /* SmallWithReactionCell.swift */; };
		43749568255BCC6B00B267A6 /* SmallWithReactionCell.xib in Resources */ = {isa = PBXBuildFile; fileRef = 43749566255BCC6B00B267A6 /* SmallWithReactionCell.xib */; };
		4378FA24254EF0C7001600B8 /* KolodaCardView.swift in Sources */ = {isa = PBXBuildFile; fileRef = 4378FA23254EF0C7001600B8 /* KolodaCardView.swift */; };
		4378FA28254EF0D2001600B8 /* KolodaCardView.xib in Resources */ = {isa = PBXBuildFile; fileRef = 4378FA27254EF0D2001600B8 /* KolodaCardView.xib */; };
		438066D3256FEF1900B39E76 /* AgreementViewController.swift in Sources */ = {isa = PBXBuildFile; fileRef = 438066D2256FEF1900B39E76 /* AgreementViewController.swift */; };
		438066E325703F2C00B39E76 /* TermsViewController.swift in Sources */ = {isa = PBXBuildFile; fileRef = 438066E225703F2C00B39E76 /* TermsViewController.swift */; };
		43845623256E811F00C70F38 /* Registration.storyboard in Resources */ = {isa = PBXBuildFile; fileRef = 43845622256E811E00C70F38 /* Registration.storyboard */; };
		43845627256E86C700C70F38 /* EntryPopupView.xib in Resources */ = {isa = PBXBuildFile; fileRef = 43845626256E86C700C70F38 /* EntryPopupView.xib */; };
		4384562A256E86D100C70F38 /* EntryPopupView.swift in Sources */ = {isa = PBXBuildFile; fileRef = 43845629256E86D100C70F38 /* EntryPopupView.swift */; };
		438BC8DE25704481000D1519 /* NameViewController.swift in Sources */ = {isa = PBXBuildFile; fileRef = 438BC8DD25704481000D1519 /* NameViewController.swift */; };
		438BC8E125704940000D1519 /* HoroscopeSignViewController.swift in Sources */ = {isa = PBXBuildFile; fileRef = 438BC8E025704940000D1519 /* HoroscopeSignViewController.swift */; };
		438BC8E425704AA5000D1519 /* AvatarSelectionViewController.swift in Sources */ = {isa = PBXBuildFile; fileRef = 438BC8E325704AA5000D1519 /* AvatarSelectionViewController.swift */; };
		438BC8EA25704D3B000D1519 /* HoroscopeSignTableViewCell.swift in Sources */ = {isa = PBXBuildFile; fileRef = 438BC8E825704D3B000D1519 /* HoroscopeSignTableViewCell.swift */; };
		438BC8EB25704D3B000D1519 /* HoroscopeSignTableViewCell.xib in Resources */ = {isa = PBXBuildFile; fileRef = 438BC8E925704D3B000D1519 /* HoroscopeSignTableViewCell.xib */; };
		43939AC125546BFD006A50B1 /* BasicChatViewController.swift in Sources */ = {isa = PBXBuildFile; fileRef = 43939AC025546BFD006A50B1 /* BasicChatViewController.swift */; };
		43B57C612551ECBF00411588 /* LoaderViewController.swift in Sources */ = {isa = PBXBuildFile; fileRef = 43B57C602551ECBF00411588 /* LoaderViewController.swift */; };
		43B57C722551EE5C00411588 /* SelectionViewController.swift in Sources */ = {isa = PBXBuildFile; fileRef = 43B57C712551EE5C00411588 /* SelectionViewController.swift */; };
		43BC1BC22555DB0C00D0F13D /* PaidAnswerChatViewController.swift in Sources */ = {isa = PBXBuildFile; fileRef = 43BC1BC12555DB0C00D0F13D /* PaidAnswerChatViewController.swift */; };
		43C35A2B2555C5C80062E115 /* SelfBigBubbleTableViewCell.swift in Sources */ = {isa = PBXBuildFile; fileRef = 43C35A292555C5C80062E115 /* SelfBigBubbleTableViewCell.swift */; };
		43C35A2C2555C5C80062E115 /* SelfBigBubbleTableViewCell.xib in Resources */ = {isa = PBXBuildFile; fileRef = 43C35A2A2555C5C80062E115 /* SelfBigBubbleTableViewCell.xib */; };
		43D4EC4525714D61000FAADA /* EntryPopupViewDelegate.swift in Sources */ = {isa = PBXBuildFile; fileRef = 43D4EC4425714D61000FAADA /* EntryPopupViewDelegate.swift */; };
		43EBAF7C2551D6340096FC69 /* ChatVC.swift in Sources */ = {isa = PBXBuildFile; fileRef = 43EBAF7B2551D6340096FC69 /* ChatVC.swift */; };
		4DC476C0D0A904A18FF40187 /* Pods_LoveStor.framework in Frameworks */ = {isa = PBXBuildFile; fileRef = 154CC5530A1B15B526DE1C92 /* Pods_LoveStor.framework */; };
/* End PBXBuildFile section */

/* Begin PBXFileReference section */
		154CC5530A1B15B526DE1C92 /* Pods_LoveStor.framework */ = {isa = PBXFileReference; explicitFileType = wrapper.framework; includeInIndex = 0; path = Pods_LoveStor.framework; sourceTree = BUILT_PRODUCTS_DIR; };
		283297272535053200F59EF0 /* StoriesViewController.swift */ = {isa = PBXFileReference; lastKnownFileType = sourcecode.swift; path = StoriesViewController.swift; sourceTree = "<group>"; };
		283297382535955300F59EF0 /* LoveChatViewController.swift */ = {isa = PBXFileReference; lastKnownFileType = sourcecode.swift; path = LoveChatViewController.swift; sourceTree = "<group>"; };
		28329750253598DF00F59EF0 /* ChatViewController.swift */ = {isa = PBXFileReference; lastKnownFileType = sourcecode.swift; path = ChatViewController.swift; sourceTree = "<group>"; };
		283297542535992B00F59EF0 /* MockMessage.swift */ = {isa = PBXFileReference; fileEncoding = 4; lastKnownFileType = sourcecode.swift; path = MockMessage.swift; sourceTree = "<group>"; };
		283297552535992B00F59EF0 /* MockUser.swift */ = {isa = PBXFileReference; fileEncoding = 4; lastKnownFileType = sourcecode.swift; path = MockUser.swift; sourceTree = "<group>"; };
		283297562535992B00F59EF0 /* MockSocket.swift */ = {isa = PBXFileReference; fileEncoding = 4; lastKnownFileType = sourcecode.swift; path = MockSocket.swift; sourceTree = "<group>"; };
		2832975C253599E600F59EF0 /* Lorem.swift */ = {isa = PBXFileReference; fileEncoding = 4; lastKnownFileType = sourcecode.swift; path = Lorem.swift; sourceTree = "<group>"; };
		2832975D253599E600F59EF0 /* SampleData.swift */ = {isa = PBXFileReference; fileEncoding = 4; lastKnownFileType = sourcecode.swift; path = SampleData.swift; sourceTree = "<group>"; };
		2832976325366D4500F59EF0 /* StickerCollectionViewCell.swift */ = {isa = PBXFileReference; lastKnownFileType = sourcecode.swift; path = StickerCollectionViewCell.swift; sourceTree = "<group>"; };
		2832976425366D4500F59EF0 /* StickerCollectionViewCell.xib */ = {isa = PBXFileReference; lastKnownFileType = file.xib; path = StickerCollectionViewCell.xib; sourceTree = "<group>"; };
		283297692536F97E00F59EF0 /* SmallBubleTableViewCell.swift */ = {isa = PBXFileReference; lastKnownFileType = sourcecode.swift; path = SmallBubleTableViewCell.swift; sourceTree = "<group>"; };
		2832976A2536F97E00F59EF0 /* SmallBubleTableViewCell.xib */ = {isa = PBXFileReference; lastKnownFileType = file.xib; path = SmallBubleTableViewCell.xib; sourceTree = "<group>"; };
		2832979425370A2E00F59EF0 /* BigBubleTableViewCell.swift */ = {isa = PBXFileReference; lastKnownFileType = sourcecode.swift; path = BigBubleTableViewCell.swift; sourceTree = "<group>"; };
		2832979525370A2E00F59EF0 /* BigBubleTableViewCell.xib */ = {isa = PBXFileReference; lastKnownFileType = file.xib; path = BigBubleTableViewCell.xib; sourceTree = "<group>"; };
		2832979A2537111F00F59EF0 /* StickerTableViewCell.swift */ = {isa = PBXFileReference; lastKnownFileType = sourcecode.swift; path = StickerTableViewCell.swift; sourceTree = "<group>"; };
		2832979B2537111F00F59EF0 /* StickerTableViewCell.xib */ = {isa = PBXFileReference; lastKnownFileType = file.xib; path = StickerTableViewCell.xib; sourceTree = "<group>"; };
		2832979F2537144500F59EF0 /* SelfSmallTableViewCell.swift */ = {isa = PBXFileReference; lastKnownFileType = sourcecode.swift; path = SelfSmallTableViewCell.swift; sourceTree = "<group>"; };
		283297A02537144500F59EF0 /* SelfSmallTableViewCell.xib */ = {isa = PBXFileReference; lastKnownFileType = file.xib; path = SelfSmallTableViewCell.xib; sourceTree = "<group>"; };
		283297AB25371DCA00F59EF0 /* SelfStickerTableViewCell.swift */ = {isa = PBXFileReference; lastKnownFileType = sourcecode.swift; path = SelfStickerTableViewCell.swift; sourceTree = "<group>"; };
		283297AC25371DCA00F59EF0 /* SelfStickerTableViewCell.xib */ = {isa = PBXFileReference; lastKnownFileType = file.xib; path = SelfStickerTableViewCell.xib; sourceTree = "<group>"; };
		286AAC702548D2EC00E7FD21 /* LoveStorView.swift */ = {isa = PBXFileReference; lastKnownFileType = sourcecode.swift; path = LoveStorView.swift; sourceTree = "<group>"; };
		28740B462530B4E40090DCC1 /* LoveStor.app */ = {isa = PBXFileReference; explicitFileType = wrapper.application; includeInIndex = 0; path = LoveStor.app; sourceTree = BUILT_PRODUCTS_DIR; };
		28740B492530B4E40090DCC1 /* AppDelegate.swift */ = {isa = PBXFileReference; lastKnownFileType = sourcecode.swift; path = AppDelegate.swift; sourceTree = "<group>"; };
		28740B4B2530B4E40090DCC1 /* SceneDelegate.swift */ = {isa = PBXFileReference; lastKnownFileType = sourcecode.swift; path = SceneDelegate.swift; sourceTree = "<group>"; };
		28740B4D2530B4E40090DCC1 /* ViewController.swift */ = {isa = PBXFileReference; lastKnownFileType = sourcecode.swift; path = ViewController.swift; sourceTree = "<group>"; };
		28740B502530B4E40090DCC1 /* Base */ = {isa = PBXFileReference; lastKnownFileType = file.storyboard; name = Base; path = Base.lproj/Main.storyboard; sourceTree = "<group>"; };
		28740B522530B4E90090DCC1 /* Assets.xcassets */ = {isa = PBXFileReference; lastKnownFileType = folder.assetcatalog; path = Assets.xcassets; sourceTree = "<group>"; };
		28740B552530B4E90090DCC1 /* Base */ = {isa = PBXFileReference; lastKnownFileType = file.storyboard; name = Base; path = Base.lproj/LaunchScreen.storyboard; sourceTree = "<group>"; };
		28740B572530B4E90090DCC1 /* Info.plist */ = {isa = PBXFileReference; lastKnownFileType = text.plist.xml; path = Info.plist; sourceTree = "<group>"; };
		28740B652530C26F0090DCC1 /* GradientView.swift */ = {isa = PBXFileReference; lastKnownFileType = sourcecode.swift; path = GradientView.swift; sourceTree = "<group>"; };
		28740B682531222A0090DCC1 /* KolodaViewController.swift */ = {isa = PBXFileReference; lastKnownFileType = sourcecode.swift; path = KolodaViewController.swift; sourceTree = "<group>"; };
		28BC8FBD253DDCB90055E21D /* Messenger-Pigeons */ = {isa = PBXFileReference; lastKnownFileType = file; path = "Messenger-Pigeons"; sourceTree = "<group>"; };
		2FCB1C1A223763FF29BD58A5 /* Pods-LoveStor.debug.xcconfig */ = {isa = PBXFileReference; includeInIndex = 1; lastKnownFileType = text.xcconfig; name = "Pods-LoveStor.debug.xcconfig"; path = "Target Support Files/Pods-LoveStor/Pods-LoveStor.debug.xcconfig"; sourceTree = "<group>"; };
		4304A8DF255DD8CE00B45A8B /* OfflinePopupViewController.swift */ = {isa = PBXFileReference; lastKnownFileType = sourcecode.swift; path = OfflinePopupViewController.swift; sourceTree = "<group>"; };
		4304A8E2255DDEE200B45A8B /* Geometria-Light.ttf */ = {isa = PBXFileReference; lastKnownFileType = file; path = "Geometria-Light.ttf"; sourceTree = "<group>"; };
		4320C7FD255C66B4004F6EE6 /* SFCompactText-Regular.ttf */ = {isa = PBXFileReference; lastKnownFileType = file; path = "SFCompactText-Regular.ttf"; sourceTree = "<group>"; };
		4320C800255C699F004F6EE6 /* ReactionDelegate.swift */ = {isa = PBXFileReference; lastKnownFileType = sourcecode.swift; path = ReactionDelegate.swift; sourceTree = "<group>"; };
		432B13FB25712D66004CF2BE /* ProfileViewController.swift */ = {isa = PBXFileReference; lastKnownFileType = sourcecode.swift; path = ProfileViewController.swift; sourceTree = "<group>"; };
		432DB736255D37F200507126 /* PhotoTableViewCell.swift */ = {isa = PBXFileReference; lastKnownFileType = sourcecode.swift; path = PhotoTableViewCell.swift; sourceTree = "<group>"; };
		432DB737255D37F200507126 /* PhotoTableViewCell.xib */ = {isa = PBXFileReference; lastKnownFileType = file.xib; path = PhotoTableViewCell.xib; sourceTree = "<group>"; };
		4345743B25718CFC0000C714 /* ProfileIconCollectionViewCell.swift */ = {isa = PBXFileReference; lastKnownFileType = sourcecode.swift; path = ProfileIconCollectionViewCell.swift; sourceTree = "<group>"; };
		4345743C25718CFC0000C714 /* ProfileIconCollectionViewCell.xib */ = {isa = PBXFileReference; lastKnownFileType = file.xib; path = ProfileIconCollectionViewCell.xib; sourceTree = "<group>"; };
		43705AB5255C73E90025E3EA /* PhotoMessageViewController.swift */ = {isa = PBXFileReference; lastKnownFileType = sourcecode.swift; path = PhotoMessageViewController.swift; sourceTree = "<group>"; };
		43749565255BCC6B00B267A6 /* SmallWithReactionCell.swift */ = {isa = PBXFileReference; lastKnownFileType = sourcecode.swift; path = SmallWithReactionCell.swift; sourceTree = "<group>"; };
		43749566255BCC6B00B267A6 /* SmallWithReactionCell.xib */ = {isa = PBXFileReference; lastKnownFileType = file.xib; path = SmallWithReactionCell.xib; sourceTree = "<group>"; };
		4378FA23254EF0C7001600B8 /* KolodaCardView.swift */ = {isa = PBXFileReference; lastKnownFileType = sourcecode.swift; path = KolodaCardView.swift; sourceTree = "<group>"; };
		4378FA27254EF0D2001600B8 /* KolodaCardView.xib */ = {isa = PBXFileReference; lastKnownFileType = file.xib; path = KolodaCardView.xib; sourceTree = "<group>"; };
		438066D2256FEF1900B39E76 /* AgreementViewController.swift */ = {isa = PBXFileReference; lastKnownFileType = sourcecode.swift; path = AgreementViewController.swift; sourceTree = "<group>"; };
		438066E225703F2C00B39E76 /* TermsViewController.swift */ = {isa = PBXFileReference; lastKnownFileType = sourcecode.swift; path = TermsViewController.swift; sourceTree = "<group>"; };
		43845622256E811E00C70F38 /* Registration.storyboard */ = {isa = PBXFileReference; lastKnownFileType = file.storyboard; path = Registration.storyboard; sourceTree = "<group>"; };
		43845626256E86C700C70F38 /* EntryPopupView.xib */ = {isa = PBXFileReference; lastKnownFileType = file.xib; path = EntryPopupView.xib; sourceTree = "<group>"; };
		43845629256E86D100C70F38 /* EntryPopupView.swift */ = {isa = PBXFileReference; lastKnownFileType = sourcecode.swift; path = EntryPopupView.swift; sourceTree = "<group>"; };
		438BC8DD25704481000D1519 /* NameViewController.swift */ = {isa = PBXFileReference; lastKnownFileType = sourcecode.swift; path = NameViewController.swift; sourceTree = "<group>"; };
		438BC8E025704940000D1519 /* HoroscopeSignViewController.swift */ = {isa = PBXFileReference; lastKnownFileType = sourcecode.swift; path = HoroscopeSignViewController.swift; sourceTree = "<group>"; };
		438BC8E325704AA5000D1519 /* AvatarSelectionViewController.swift */ = {isa = PBXFileReference; lastKnownFileType = sourcecode.swift; path = AvatarSelectionViewController.swift; sourceTree = "<group>"; };
		438BC8E825704D3B000D1519 /* HoroscopeSignTableViewCell.swift */ = {isa = PBXFileReference; lastKnownFileType = sourcecode.swift; path = HoroscopeSignTableViewCell.swift; sourceTree = "<group>"; };
		438BC8E925704D3B000D1519 /* HoroscopeSignTableViewCell.xib */ = {isa = PBXFileReference; lastKnownFileType = file.xib; path = HoroscopeSignTableViewCell.xib; sourceTree = "<group>"; };
		43939AC025546BFD006A50B1 /* BasicChatViewController.swift */ = {isa = PBXFileReference; lastKnownFileType = sourcecode.swift; path = BasicChatViewController.swift; sourceTree = "<group>"; };
		43B57C602551ECBF00411588 /* LoaderViewController.swift */ = {isa = PBXFileReference; lastKnownFileType = sourcecode.swift; path = LoaderViewController.swift; sourceTree = "<group>"; };
		43B57C712551EE5C00411588 /* SelectionViewController.swift */ = {isa = PBXFileReference; lastKnownFileType = sourcecode.swift; path = SelectionViewController.swift; sourceTree = "<group>"; };
		43BC1BC12555DB0C00D0F13D /* PaidAnswerChatViewController.swift */ = {isa = PBXFileReference; lastKnownFileType = sourcecode.swift; path = PaidAnswerChatViewController.swift; sourceTree = "<group>"; };
		43C35A292555C5C80062E115 /* SelfBigBubbleTableViewCell.swift */ = {isa = PBXFileReference; lastKnownFileType = sourcecode.swift; path = SelfBigBubbleTableViewCell.swift; sourceTree = "<group>"; };
		43C35A2A2555C5C80062E115 /* SelfBigBubbleTableViewCell.xib */ = {isa = PBXFileReference; lastKnownFileType = file.xib; path = SelfBigBubbleTableViewCell.xib; sourceTree = "<group>"; };
		43D4EC4425714D61000FAADA /* EntryPopupViewDelegate.swift */ = {isa = PBXFileReference; lastKnownFileType = sourcecode.swift; path = EntryPopupViewDelegate.swift; sourceTree = "<group>"; };
		43EBAF7B2551D6340096FC69 /* ChatVC.swift */ = {isa = PBXFileReference; lastKnownFileType = sourcecode.swift; path = ChatVC.swift; sourceTree = "<group>"; };
		E69256967628B0A67AD35F9E /* Pods-LoveStor.release.xcconfig */ = {isa = PBXFileReference; includeInIndex = 1; lastKnownFileType = text.xcconfig; name = "Pods-LoveStor.release.xcconfig"; path = "Target Support Files/Pods-LoveStor/Pods-LoveStor.release.xcconfig"; sourceTree = "<group>"; };
/* End PBXFileReference section */

/* Begin PBXFrameworksBuildPhase section */
		28740B432530B4E40090DCC1 /* Frameworks */ = {
			isa = PBXFrameworksBuildPhase;
			buildActionMask = 2147483647;
			files = (
				4DC476C0D0A904A18FF40187 /* Pods_LoveStor.framework in Frameworks */,
			);
			runOnlyForDeploymentPostprocessing = 0;
		};
/* End PBXFrameworksBuildPhase section */

/* Begin PBXGroup section */
		28329799253710FF00F59EF0 /* Cells */ = {
			isa = PBXGroup;
			children = (
				4378FA22254EF0B2001600B8 /* KolodaView */,
				2832976325366D4500F59EF0 /* StickerCollectionViewCell.swift */,
				2832976425366D4500F59EF0 /* StickerCollectionViewCell.xib */,
				283297692536F97E00F59EF0 /* SmallBubleTableViewCell.swift */,
				43705AAE255C727D0025E3EA /* Photo */,
				43749563255BCC2A00B267A6 /* Reaction */,
				2832976A2536F97E00F59EF0 /* SmallBubleTableViewCell.xib */,
				2832979425370A2E00F59EF0 /* BigBubleTableViewCell.swift */,
				2832979525370A2E00F59EF0 /* BigBubleTableViewCell.xib */,
				2832979A2537111F00F59EF0 /* StickerTableViewCell.swift */,
				2832979B2537111F00F59EF0 /* StickerTableViewCell.xib */,
				2832979F2537144500F59EF0 /* SelfSmallTableViewCell.swift */,
				283297A02537144500F59EF0 /* SelfSmallTableViewCell.xib */,
				283297AB25371DCA00F59EF0 /* SelfStickerTableViewCell.swift */,
				283297AC25371DCA00F59EF0 /* SelfStickerTableViewCell.xib */,
				43C35A282555C5830062E115 /* SelfBigBubbleTableViewCell */,
			);
			path = Cells;
			sourceTree = "<group>";
		};
		286AAC642548D04F00E7FD21 /* Controller */ = {
			isa = PBXGroup;
			children = (
				43939ABF25546BEF006A50B1 /* Chat */,
				438066D0256FEE2200B39E76 /* Registration */,
				28740B4D2530B4E40090DCC1 /* ViewController.swift */,
				43EBAF7B2551D6340096FC69 /* ChatVC.swift */,
				28329750253598DF00F59EF0 /* ChatViewController.swift */,
				43B57C712551EE5C00411588 /* SelectionViewController.swift */,
				28740B682531222A0090DCC1 /* KolodaViewController.swift */,
				43B57C602551ECBF00411588 /* LoaderViewController.swift */,
				283297272535053200F59EF0 /* StoriesViewController.swift */,
				283297382535955300F59EF0 /* LoveChatViewController.swift */,
			);
			path = Controller;
			sourceTree = "<group>";
		};
		286AAC652548D14600E7FD21 /* Resources */ = {
			isa = PBXGroup;
			children = (
				4320C7FC255C6425004F6EE6 /* Fonts */,
				28740B522530B4E90090DCC1 /* Assets.xcassets */,
				28BC8FBD253DDCB90055E21D /* Messenger-Pigeons */,
			);
			path = Resources;
			sourceTree = "<group>";
		};
		286AAC682548D18100E7FD21 /* App */ = {
			isa = PBXGroup;
			children = (
				28740B492530B4E40090DCC1 /* AppDelegate.swift */,
				28740B4B2530B4E40090DCC1 /* SceneDelegate.swift */,
			);
			path = App;
			sourceTree = "<group>";
		};
		286AAC692548D20B00E7FD21 /* View */ = {
			isa = PBXGroup;
			children = (
				28740B652530C26F0090DCC1 /* GradientView.swift */,
				28329799253710FF00F59EF0 /* Cells */,
				28740B4F2530B4E40090DCC1 /* Main.storyboard */,
				43845622256E811E00C70F38 /* Registration.storyboard */,
				43845625256E869F00C70F38 /* EntryPopup */,
				28740B542530B4E90090DCC1 /* LaunchScreen.storyboard */,
			);
			path = View;
			sourceTree = "<group>";
		};
		286AAC6A2548D22400E7FD21 /* Model */ = {
			isa = PBXGroup;
			children = (
				283297542535992B00F59EF0 /* MockMessage.swift */,
				283297552535992B00F59EF0 /* MockUser.swift */,
				283297562535992B00F59EF0 /* MockSocket.swift */,
				2832975C253599E600F59EF0 /* Lorem.swift */,
				2832975D253599E600F59EF0 /* SampleData.swift */,
			);
			path = Model;
			sourceTree = "<group>";
		};
		286AAC6E2548D26600E7FD21 /* Extensions */ = {
			isa = PBXGroup;
			children = (
				286AAC702548D2EC00E7FD21 /* LoveStorView.swift */,
			);
			path = Extensions;
			sourceTree = "<group>";
		};
		28740B3D2530B4E40090DCC1 = {
			isa = PBXGroup;
			children = (
				28740B482530B4E40090DCC1 /* LoveStor */,
				28740B472530B4E40090DCC1 /* Products */,
				DA1BDD9FACFCFD4FA21294C3 /* Pods */,
				A8CAEBA3E88A345E135356CF /* Frameworks */,
			);
			sourceTree = "<group>";
		};
		28740B472530B4E40090DCC1 /* Products */ = {
			isa = PBXGroup;
			children = (
				28740B462530B4E40090DCC1 /* LoveStor.app */,
			);
			name = Products;
			sourceTree = "<group>";
		};
		28740B482530B4E40090DCC1 /* LoveStor */ = {
			isa = PBXGroup;
			children = (
				286AAC682548D18100E7FD21 /* App */,
				286AAC692548D20B00E7FD21 /* View */,
				286AAC652548D14600E7FD21 /* Resources */,
				286AAC6A2548D22400E7FD21 /* Model */,
				286AAC642548D04F00E7FD21 /* Controller */,
				286AAC6E2548D26600E7FD21 /* Extensions */,
				28740B572530B4E90090DCC1 /* Info.plist */,
			);
			path = LoveStor;
			sourceTree = "<group>";
		};
		4320C7FC255C6425004F6EE6 /* Fonts */ = {
			isa = PBXGroup;
			children = (
				4320C7FD255C66B4004F6EE6 /* SFCompactText-Regular.ttf */,
				4304A8E2255DDEE200B45A8B /* Geometria-Light.ttf */,
			);
			path = Fonts;
			sourceTree = "<group>";
		};
		4345743A25718CD20000C714 /* ProfileIconCollectionViewCell */ = {
			isa = PBXGroup;
			children = (
				4345743B25718CFC0000C714 /* ProfileIconCollectionViewCell.swift */,
				4345743C25718CFC0000C714 /* ProfileIconCollectionViewCell.xib */,
			);
			path = ProfileIconCollectionViewCell;
			sourceTree = "<group>";
		};
		43705AAE255C727D0025E3EA /* Photo */ = {
			isa = PBXGroup;
			children = (
				432DB736255D37F200507126 /* PhotoTableViewCell.swift */,
				432DB737255D37F200507126 /* PhotoTableViewCell.xib */,
			);
			path = Photo;
			sourceTree = "<group>";
		};
		43749563255BCC2A00B267A6 /* Reaction */ = {
			isa = PBXGroup;
			children = (
				43749564255BCC3100B267A6 /* Small */,
			);
			path = Reaction;
			sourceTree = "<group>";
		};
		43749564255BCC3100B267A6 /* Small */ = {
			isa = PBXGroup;
			children = (
				43749565255BCC6B00B267A6 /* SmallWithReactionCell.swift */,
				4320C800255C699F004F6EE6 /* ReactionDelegate.swift */,
				43749566255BCC6B00B267A6 /* SmallWithReactionCell.xib */,
			);
			path = Small;
			sourceTree = "<group>";
		};
		4378FA22254EF0B2001600B8 /* KolodaView */ = {
			isa = PBXGroup;
			children = (
				4378FA23254EF0C7001600B8 /* KolodaCardView.swift */,
				4378FA27254EF0D2001600B8 /* KolodaCardView.xib */,
			);
			path = KolodaView;
			sourceTree = "<group>";
		};
		438066D0256FEE2200B39E76 /* Registration */ = {
			isa = PBXGroup;
			children = (
				438066D2256FEF1900B39E76 /* AgreementViewController.swift */,
				438066E225703F2C00B39E76 /* TermsViewController.swift */,
				438BC8DD25704481000D1519 /* NameViewController.swift */,
				438BC8E325704AA5000D1519 /* AvatarSelectionViewController.swift */,
				438BC8E025704940000D1519 /* HoroscopeSignViewController.swift */,
				432B13FB25712D66004CF2BE /* ProfileViewController.swift */,
				4345743A25718CD20000C714 /* ProfileIconCollectionViewCell */,
				438BC8E725704D17000D1519 /* HoroscopeSignTableViewCell */,
			);
			path = Registration;
			sourceTree = "<group>";
		};
		43845625256E869F00C70F38 /* EntryPopup */ = {
			isa = PBXGroup;
			children = (
				43845626256E86C700C70F38 /* EntryPopupView.xib */,
				43845629256E86D100C70F38 /* EntryPopupView.swift */,
				43D4EC4425714D61000FAADA /* EntryPopupViewDelegate.swift */,
			);
			path = EntryPopup;
			sourceTree = "<group>";
		};
		438BC8E725704D17000D1519 /* HoroscopeSignTableViewCell */ = {
			isa = PBXGroup;
			children = (
				438BC8E825704D3B000D1519 /* HoroscopeSignTableViewCell.swift */,
				438BC8E925704D3B000D1519 /* HoroscopeSignTableViewCell.xib */,
			);
			path = HoroscopeSignTableViewCell;
			sourceTree = "<group>";
		};
		43939ABF25546BEF006A50B1 /* Chat */ = {
			isa = PBXGroup;
			children = (
				43939AC025546BFD006A50B1 /* BasicChatViewController.swift */,
				43BC1BC12555DB0C00D0F13D /* PaidAnswerChatViewController.swift */,
				43705AB5255C73E90025E3EA /* PhotoMessageViewController.swift */,
				4304A8DF255DD8CE00B45A8B /* OfflinePopupViewController.swift */,
			);
			path = Chat;
			sourceTree = "<group>";
		};
		43C35A282555C5830062E115 /* SelfBigBubbleTableViewCell */ = {
			isa = PBXGroup;
			children = (
				43C35A292555C5C80062E115 /* SelfBigBubbleTableViewCell.swift */,
				43C35A2A2555C5C80062E115 /* SelfBigBubbleTableViewCell.xib */,
			);
			path = SelfBigBubbleTableViewCell;
			sourceTree = "<group>";
		};
		A8CAEBA3E88A345E135356CF /* Frameworks */ = {
			isa = PBXGroup;
			children = (
				154CC5530A1B15B526DE1C92 /* Pods_LoveStor.framework */,
			);
			name = Frameworks;
			sourceTree = "<group>";
		};
		DA1BDD9FACFCFD4FA21294C3 /* Pods */ = {
			isa = PBXGroup;
			children = (
				2FCB1C1A223763FF29BD58A5 /* Pods-LoveStor.debug.xcconfig */,
				E69256967628B0A67AD35F9E /* Pods-LoveStor.release.xcconfig */,
			);
			path = Pods;
			sourceTree = "<group>";
		};
/* End PBXGroup section */

/* Begin PBXNativeTarget section */
		28740B452530B4E40090DCC1 /* LoveStor */ = {
			isa = PBXNativeTarget;
			buildConfigurationList = 28740B5A2530B4E90090DCC1 /* Build configuration list for PBXNativeTarget "LoveStor" */;
			buildPhases = (
				6FD2566F6349563F2D6356F8 /* [CP] Check Pods Manifest.lock */,
				28740B422530B4E40090DCC1 /* Sources */,
				28740B432530B4E40090DCC1 /* Frameworks */,
				28740B442530B4E40090DCC1 /* Resources */,
				665053BF371B9E4E686F7A91 /* [CP] Embed Pods Frameworks */,
			);
			buildRules = (
			);
			dependencies = (
			);
			name = LoveStor;
			productName = LoveStor;
			productReference = 28740B462530B4E40090DCC1 /* LoveStor.app */;
			productType = "com.apple.product-type.application";
		};
/* End PBXNativeTarget section */

/* Begin PBXProject section */
		28740B3E2530B4E40090DCC1 /* Project object */ = {
			isa = PBXProject;
			attributes = {
				LastSwiftUpdateCheck = 1200;
				LastUpgradeCheck = 1200;
				TargetAttributes = {
					28740B452530B4E40090DCC1 = {
						CreatedOnToolsVersion = 12.0.1;
					};
				};
			};
			buildConfigurationList = 28740B412530B4E40090DCC1 /* Build configuration list for PBXProject "LoveStor" */;
			compatibilityVersion = "Xcode 9.3";
			developmentRegion = en;
			hasScannedForEncodings = 0;
			knownRegions = (
				en,
				Base,
			);
			mainGroup = 28740B3D2530B4E40090DCC1;
			productRefGroup = 28740B472530B4E40090DCC1 /* Products */;
			projectDirPath = "";
			projectRoot = "";
			targets = (
				28740B452530B4E40090DCC1 /* LoveStor */,
			);
		};
/* End PBXProject section */

/* Begin PBXResourcesBuildPhase section */
		28740B442530B4E40090DCC1 /* Resources */ = {
			isa = PBXResourcesBuildPhase;
			buildActionMask = 2147483647;
			files = (
				28740B562530B4E90090DCC1 /* LaunchScreen.storyboard in Resources */,
				4304A8E3255DDEE200B45A8B /* Geometria-Light.ttf in Resources */,
				43845627256E86C700C70F38 /* EntryPopupView.xib in Resources */,
				438BC8EB25704D3B000D1519 /* HoroscopeSignTableViewCell.xib in Resources */,
				283297A22537144500F59EF0 /* SelfSmallTableViewCell.xib in Resources */,
				43C35A2C2555C5C80062E115 /* SelfBigBubbleTableViewCell.xib in Resources */,
				4378FA28254EF0D2001600B8 /* KolodaCardView.xib in Resources */,
				2832979725370A2E00F59EF0 /* BigBubleTableViewCell.xib in Resources */,
				2832979D2537111F00F59EF0 /* StickerTableViewCell.xib in Resources */,
				28740B532530B4E90090DCC1 /* Assets.xcassets in Resources */,
				2832976625366D4500F59EF0 /* StickerCollectionViewCell.xib in Resources */,
				2832976C2536F97E00F59EF0 /* SmallBubleTableViewCell.xib in Resources */,
				283297AE25371DCA00F59EF0 /* SelfStickerTableViewCell.xib in Resources */,
				4345743E25718CFC0000C714 /* ProfileIconCollectionViewCell.xib in Resources */,
				43845623256E811F00C70F38 /* Registration.storyboard in Resources */,
				28BC8FC0253DE41C0055E21D /* Messenger-Pigeons in Resources */,
				4320C7FE255C66B4004F6EE6 /* SFCompactText-Regular.ttf in Resources */,
				432DB739255D37F200507126 /* PhotoTableViewCell.xib in Resources */,
				43749568255BCC6B00B267A6 /* SmallWithReactionCell.xib in Resources */,
				28740B512530B4E40090DCC1 /* Main.storyboard in Resources */,
			);
			runOnlyForDeploymentPostprocessing = 0;
		};
/* End PBXResourcesBuildPhase section */

/* Begin PBXShellScriptBuildPhase section */
		665053BF371B9E4E686F7A91 /* [CP] Embed Pods Frameworks */ = {
			isa = PBXShellScriptBuildPhase;
			buildActionMask = 2147483647;
			files = (
			);
			inputFileListPaths = (
				"${PODS_ROOT}/Target Support Files/Pods-LoveStor/Pods-LoveStor-frameworks-${CONFIGURATION}-input-files.xcfilelist",
			);
			name = "[CP] Embed Pods Frameworks";
			outputFileListPaths = (
				"${PODS_ROOT}/Target Support Files/Pods-LoveStor/Pods-LoveStor-frameworks-${CONFIGURATION}-output-files.xcfilelist",
			);
			runOnlyForDeploymentPostprocessing = 0;
			shellPath = /bin/sh;
			shellScript = "\"${PODS_ROOT}/Target Support Files/Pods-LoveStor/Pods-LoveStor-frameworks.sh\"\n";
			showEnvVarsInLog = 0;
		};
		6FD2566F6349563F2D6356F8 /* [CP] Check Pods Manifest.lock */ = {
			isa = PBXShellScriptBuildPhase;
			buildActionMask = 2147483647;
			files = (
			);
			inputFileListPaths = (
			);
			inputPaths = (
				"${PODS_PODFILE_DIR_PATH}/Podfile.lock",
				"${PODS_ROOT}/Manifest.lock",
			);
			name = "[CP] Check Pods Manifest.lock";
			outputFileListPaths = (
			);
			outputPaths = (
				"$(DERIVED_FILE_DIR)/Pods-LoveStor-checkManifestLockResult.txt",
			);
			runOnlyForDeploymentPostprocessing = 0;
			shellPath = /bin/sh;
			shellScript = "diff \"${PODS_PODFILE_DIR_PATH}/Podfile.lock\" \"${PODS_ROOT}/Manifest.lock\" > /dev/null\nif [ $? != 0 ] ; then\n    # print error to STDERR\n    echo \"error: The sandbox is not in sync with the Podfile.lock. Run 'pod install' or update your CocoaPods installation.\" >&2\n    exit 1\nfi\n# This output is used by Xcode 'outputs' to avoid re-running this script phase.\necho \"SUCCESS\" > \"${SCRIPT_OUTPUT_FILE_0}\"\n";
			showEnvVarsInLog = 0;
		};
/* End PBXShellScriptBuildPhase section */

/* Begin PBXSourcesBuildPhase section */
		28740B422530B4E40090DCC1 /* Sources */ = {
			isa = PBXSourcesBuildPhase;
			buildActionMask = 2147483647;
			files = (
				43D4EC4525714D61000FAADA /* EntryPopupViewDelegate.swift in Sources */,
				438BC8E125704940000D1519 /* HoroscopeSignViewController.swift in Sources */,
				283297582535992B00F59EF0 /* MockUser.swift in Sources */,
				2832976B2536F97E00F59EF0 /* SmallBubleTableViewCell.swift in Sources */,
				4304A8E0255DD8CE00B45A8B /* OfflinePopupViewController.swift in Sources */,
				43939AC125546BFD006A50B1 /* BasicChatViewController.swift in Sources */,
				2832975E253599E600F59EF0 /* Lorem.swift in Sources */,
				2832976525366D4500F59EF0 /* StickerCollectionViewCell.swift in Sources */,
				283297282535053200F59EF0 /* StoriesViewController.swift in Sources */,
				4378FA24254EF0C7001600B8 /* KolodaCardView.swift in Sources */,
				43EBAF7C2551D6340096FC69 /* ChatVC.swift in Sources */,
				4320C801255C699F004F6EE6 /* ReactionDelegate.swift in Sources */,
				2832979625370A2E00F59EF0 /* BigBubleTableViewCell.swift in Sources */,
				283297592535992B00F59EF0 /* MockSocket.swift in Sources */,
				283297392535955300F59EF0 /* LoveChatViewController.swift in Sources */,
				438BC8EA25704D3B000D1519 /* HoroscopeSignTableViewCell.swift in Sources */,
				438BC8E425704AA5000D1519 /* AvatarSelectionViewController.swift in Sources */,
				4384562A256E86D100C70F38 /* EntryPopupView.swift in Sources */,
				28329751253598DF00F59EF0 /* ChatViewController.swift in Sources */,
				28740B4E2530B4E40090DCC1 /* ViewController.swift in Sources */,
				43BC1BC22555DB0C00D0F13D /* PaidAnswerChatViewController.swift in Sources */,
				2832975F253599E600F59EF0 /* SampleData.swift in Sources */,
				43B57C722551EE5C00411588 /* SelectionViewController.swift in Sources */,
				432B13FC25712D66004CF2BE /* ProfileViewController.swift in Sources */,
				432DB738255D37F200507126 /* PhotoTableViewCell.swift in Sources */,
				2832979C2537111F00F59EF0 /* StickerTableViewCell.swift in Sources */,
				43705AB6255C73E90025E3EA /* PhotoMessageViewController.swift in Sources */,
				28740B4A2530B4E40090DCC1 /* AppDelegate.swift in Sources */,
				438BC8DE25704481000D1519 /* NameViewController.swift in Sources */,
				438066D3256FEF1900B39E76 /* AgreementViewController.swift in Sources */,
				28740B692531222A0090DCC1 /* KolodaViewController.swift in Sources */,
				286AAC712548D2EC00E7FD21 /* LoveStorView.swift in Sources */,
				43749567255BCC6B00B267A6 /* SmallWithReactionCell.swift in Sources */,
				4345743D25718CFC0000C714 /* ProfileIconCollectionViewCell.swift in Sources */,
				283297572535992B00F59EF0 /* MockMessage.swift in Sources */,
				28740B662530C26F0090DCC1 /* GradientView.swift in Sources */,
				28740B4C2530B4E40090DCC1 /* SceneDelegate.swift in Sources */,
				43C35A2B2555C5C80062E115 /* SelfBigBubbleTableViewCell.swift in Sources */,
				283297AD25371DCA00F59EF0 /* SelfStickerTableViewCell.swift in Sources */,
				43B57C612551ECBF00411588 /* LoaderViewController.swift in Sources */,
				283297A12537144500F59EF0 /* SelfSmallTableViewCell.swift in Sources */,
				438066E325703F2C00B39E76 /* TermsViewController.swift in Sources */,
			);
			runOnlyForDeploymentPostprocessing = 0;
		};
/* End PBXSourcesBuildPhase section */

/* Begin PBXVariantGroup section */
		28740B4F2530B4E40090DCC1 /* Main.storyboard */ = {
			isa = PBXVariantGroup;
			children = (
				28740B502530B4E40090DCC1 /* Base */,
			);
			name = Main.storyboard;
			sourceTree = "<group>";
		};
		28740B542530B4E90090DCC1 /* LaunchScreen.storyboard */ = {
			isa = PBXVariantGroup;
			children = (
				28740B552530B4E90090DCC1 /* Base */,
			);
			name = LaunchScreen.storyboard;
			sourceTree = "<group>";
		};
/* End PBXVariantGroup section */

/* Begin XCBuildConfiguration section */
		28740B582530B4E90090DCC1 /* Debug */ = {
			isa = XCBuildConfiguration;
			buildSettings = {
				ALWAYS_SEARCH_USER_PATHS = NO;
				CLANG_ANALYZER_NONNULL = YES;
				CLANG_ANALYZER_NUMBER_OBJECT_CONVERSION = YES_AGGRESSIVE;
				CLANG_CXX_LANGUAGE_STANDARD = "gnu++14";
				CLANG_CXX_LIBRARY = "libc++";
				CLANG_ENABLE_MODULES = YES;
				CLANG_ENABLE_OBJC_ARC = YES;
				CLANG_ENABLE_OBJC_WEAK = YES;
				CLANG_WARN_BLOCK_CAPTURE_AUTORELEASING = YES;
				CLANG_WARN_BOOL_CONVERSION = YES;
				CLANG_WARN_COMMA = YES;
				CLANG_WARN_CONSTANT_CONVERSION = YES;
				CLANG_WARN_DEPRECATED_OBJC_IMPLEMENTATIONS = YES;
				CLANG_WARN_DIRECT_OBJC_ISA_USAGE = YES_ERROR;
				CLANG_WARN_DOCUMENTATION_COMMENTS = YES;
				CLANG_WARN_EMPTY_BODY = YES;
				CLANG_WARN_ENUM_CONVERSION = YES;
				CLANG_WARN_INFINITE_RECURSION = YES;
				CLANG_WARN_INT_CONVERSION = YES;
				CLANG_WARN_NON_LITERAL_NULL_CONVERSION = YES;
				CLANG_WARN_OBJC_IMPLICIT_RETAIN_SELF = YES;
				CLANG_WARN_OBJC_LITERAL_CONVERSION = YES;
				CLANG_WARN_OBJC_ROOT_CLASS = YES_ERROR;
				CLANG_WARN_QUOTED_INCLUDE_IN_FRAMEWORK_HEADER = YES;
				CLANG_WARN_RANGE_LOOP_ANALYSIS = YES;
				CLANG_WARN_STRICT_PROTOTYPES = YES;
				CLANG_WARN_SUSPICIOUS_MOVE = YES;
				CLANG_WARN_UNGUARDED_AVAILABILITY = YES_AGGRESSIVE;
				CLANG_WARN_UNREACHABLE_CODE = YES;
				CLANG_WARN__DUPLICATE_METHOD_MATCH = YES;
				COPY_PHASE_STRIP = NO;
				DEBUG_INFORMATION_FORMAT = dwarf;
				ENABLE_STRICT_OBJC_MSGSEND = YES;
				ENABLE_TESTABILITY = YES;
				GCC_C_LANGUAGE_STANDARD = gnu11;
				GCC_DYNAMIC_NO_PIC = NO;
				GCC_NO_COMMON_BLOCKS = YES;
				GCC_OPTIMIZATION_LEVEL = 0;
				GCC_PREPROCESSOR_DEFINITIONS = (
					"DEBUG=1",
					"$(inherited)",
				);
				GCC_WARN_64_TO_32_BIT_CONVERSION = YES;
				GCC_WARN_ABOUT_RETURN_TYPE = YES_ERROR;
				GCC_WARN_UNDECLARED_SELECTOR = YES;
				GCC_WARN_UNINITIALIZED_AUTOS = YES_AGGRESSIVE;
				GCC_WARN_UNUSED_FUNCTION = YES;
				GCC_WARN_UNUSED_VARIABLE = YES;
				IPHONEOS_DEPLOYMENT_TARGET = 13.0;
				MTL_ENABLE_DEBUG_INFO = INCLUDE_SOURCE;
				MTL_FAST_MATH = YES;
				ONLY_ACTIVE_ARCH = YES;
				SDKROOT = iphoneos;
				SWIFT_ACTIVE_COMPILATION_CONDITIONS = DEBUG;
				SWIFT_OPTIMIZATION_LEVEL = "-Onone";
			};
			name = Debug;
		};
		28740B592530B4E90090DCC1 /* Release */ = {
			isa = XCBuildConfiguration;
			buildSettings = {
				ALWAYS_SEARCH_USER_PATHS = NO;
				CLANG_ANALYZER_NONNULL = YES;
				CLANG_ANALYZER_NUMBER_OBJECT_CONVERSION = YES_AGGRESSIVE;
				CLANG_CXX_LANGUAGE_STANDARD = "gnu++14";
				CLANG_CXX_LIBRARY = "libc++";
				CLANG_ENABLE_MODULES = YES;
				CLANG_ENABLE_OBJC_ARC = YES;
				CLANG_ENABLE_OBJC_WEAK = YES;
				CLANG_WARN_BLOCK_CAPTURE_AUTORELEASING = YES;
				CLANG_WARN_BOOL_CONVERSION = YES;
				CLANG_WARN_COMMA = YES;
				CLANG_WARN_CONSTANT_CONVERSION = YES;
				CLANG_WARN_DEPRECATED_OBJC_IMPLEMENTATIONS = YES;
				CLANG_WARN_DIRECT_OBJC_ISA_USAGE = YES_ERROR;
				CLANG_WARN_DOCUMENTATION_COMMENTS = YES;
				CLANG_WARN_EMPTY_BODY = YES;
				CLANG_WARN_ENUM_CONVERSION = YES;
				CLANG_WARN_INFINITE_RECURSION = YES;
				CLANG_WARN_INT_CONVERSION = YES;
				CLANG_WARN_NON_LITERAL_NULL_CONVERSION = YES;
				CLANG_WARN_OBJC_IMPLICIT_RETAIN_SELF = YES;
				CLANG_WARN_OBJC_LITERAL_CONVERSION = YES;
				CLANG_WARN_OBJC_ROOT_CLASS = YES_ERROR;
				CLANG_WARN_QUOTED_INCLUDE_IN_FRAMEWORK_HEADER = YES;
				CLANG_WARN_RANGE_LOOP_ANALYSIS = YES;
				CLANG_WARN_STRICT_PROTOTYPES = YES;
				CLANG_WARN_SUSPICIOUS_MOVE = YES;
				CLANG_WARN_UNGUARDED_AVAILABILITY = YES_AGGRESSIVE;
				CLANG_WARN_UNREACHABLE_CODE = YES;
				CLANG_WARN__DUPLICATE_METHOD_MATCH = YES;
				COPY_PHASE_STRIP = NO;
				DEBUG_INFORMATION_FORMAT = "dwarf-with-dsym";
				ENABLE_NS_ASSERTIONS = NO;
				ENABLE_STRICT_OBJC_MSGSEND = YES;
				GCC_C_LANGUAGE_STANDARD = gnu11;
				GCC_NO_COMMON_BLOCKS = YES;
				GCC_WARN_64_TO_32_BIT_CONVERSION = YES;
				GCC_WARN_ABOUT_RETURN_TYPE = YES_ERROR;
				GCC_WARN_UNDECLARED_SELECTOR = YES;
				GCC_WARN_UNINITIALIZED_AUTOS = YES_AGGRESSIVE;
				GCC_WARN_UNUSED_FUNCTION = YES;
				GCC_WARN_UNUSED_VARIABLE = YES;
				IPHONEOS_DEPLOYMENT_TARGET = 13.0;
				MTL_ENABLE_DEBUG_INFO = NO;
				MTL_FAST_MATH = YES;
				SDKROOT = iphoneos;
				SWIFT_COMPILATION_MODE = wholemodule;
				SWIFT_OPTIMIZATION_LEVEL = "-O";
				VALIDATE_PRODUCT = YES;
			};
			name = Release;
		};
		28740B5B2530B4E90090DCC1 /* Debug */ = {
			isa = XCBuildConfiguration;
			baseConfigurationReference = 2FCB1C1A223763FF29BD58A5 /* Pods-LoveStor.debug.xcconfig */;
			buildSettings = {
				ASSETCATALOG_COMPILER_APPICON_NAME = AppIcon;
				ASSETCATALOG_COMPILER_GLOBAL_ACCENT_COLOR_NAME = AccentColor;
				CODE_SIGN_STYLE = Automatic;
				DEVELOPMENT_TEAM = 349M29QB78;
				INFOPLIST_FILE = LoveStor/Info.plist;
				LD_RUNPATH_SEARCH_PATHS = (
					"$(inherited)",
					"@executable_path/Frameworks",
				);
				PRODUCT_BUNDLE_IDENTIFIER = none.LoveStor;
				PRODUCT_NAME = "$(TARGET_NAME)";
				SWIFT_VERSION = 5.0;
				TARGETED_DEVICE_FAMILY = 1;
			};
			name = Debug;
		};
		28740B5C2530B4E90090DCC1 /* Release */ = {
			isa = XCBuildConfiguration;
			baseConfigurationReference = E69256967628B0A67AD35F9E /* Pods-LoveStor.release.xcconfig */;
			buildSettings = {
				ASSETCATALOG_COMPILER_APPICON_NAME = AppIcon;
				ASSETCATALOG_COMPILER_GLOBAL_ACCENT_COLOR_NAME = AccentColor;
				CODE_SIGN_STYLE = Automatic;
				DEVELOPMENT_TEAM = 349M29QB78;
				INFOPLIST_FILE = LoveStor/Info.plist;
				LD_RUNPATH_SEARCH_PATHS = (
					"$(inherited)",
					"@executable_path/Frameworks",
				);
				PRODUCT_BUNDLE_IDENTIFIER = none.LoveStor;
				PRODUCT_NAME = "$(TARGET_NAME)";
				SWIFT_VERSION = 5.0;
				TARGETED_DEVICE_FAMILY = 1;
			};
			name = Release;
		};
/* End XCBuildConfiguration section */

/* Begin XCConfigurationList section */
		28740B412530B4E40090DCC1 /* Build configuration list for PBXProject "LoveStor" */ = {
			isa = XCConfigurationList;
			buildConfigurations = (
				28740B582530B4E90090DCC1 /* Debug */,
				28740B592530B4E90090DCC1 /* Release */,
			);
			defaultConfigurationIsVisible = 0;
			defaultConfigurationName = Release;
		};
		28740B5A2530B4E90090DCC1 /* Build configuration list for PBXNativeTarget "LoveStor" */ = {
			isa = XCConfigurationList;
			buildConfigurations = (
				28740B5B2530B4E90090DCC1 /* Debug */,
				28740B5C2530B4E90090DCC1 /* Release */,
			);
			defaultConfigurationIsVisible = 0;
			defaultConfigurationName = Release;
		};
/* End XCConfigurationList section */
	};
	rootObject = 28740B3E2530B4E40090DCC1 /* Project object */;
}
